// !$*UTF8*$!
{
	archiveVersion = 1;
	classes = {
	};
	objectVersion = 56;
	objects = {

/* Begin PBXBuildFile section */
		FEFE740C29CE2BAC00D900CD /* AppDelegate.swift in Sources */ = {isa = PBXBuildFile; fileRef = FEFE740B29CE2BAC00D900CD /* AppDelegate.swift */; };
		FEFE740E29CE2BAC00D900CD /* SceneDelegate.swift in Sources */ = {isa = PBXBuildFile; fileRef = FEFE740D29CE2BAC00D900CD /* SceneDelegate.swift */; };
		FEFE741029CE2BAC00D900CD /* ViewController.swift in Sources */ = {isa = PBXBuildFile; fileRef = FEFE740F29CE2BAC00D900CD /* ViewController.swift */; };
		FEFE741329CE2BAC00D900CD /* Main.storyboard in Resources */ = {isa = PBXBuildFile; fileRef = FEFE741129CE2BAC00D900CD /* Main.storyboard */; };
		FEFE741629CE2BAC00D900CD /* CRUD.xcdatamodeld in Sources */ = {isa = PBXBuildFile; fileRef = FEFE741429CE2BAC00D900CD /* CRUD.xcdatamodeld */; };
		FEFE741829CE2BAF00D900CD /* Assets.xcassets in Resources */ = {isa = PBXBuildFile; fileRef = FEFE741729CE2BAF00D900CD /* Assets.xcassets */; };
		FEFE741B29CE2BAF00D900CD /* LaunchScreen.storyboard in Resources */ = {isa = PBXBuildFile; fileRef = FEFE741929CE2BAF00D900CD /* LaunchScreen.storyboard */; };
		FEFE742429CE2BDD00D900CD /* tblCell.swift in Sources */ = {isa = PBXBuildFile; fileRef = FEFE742329CE2BDD00D900CD /* tblCell.swift */; };
		FEFE743229CE3A0A00D900CD /* Family+CoreDataClass.swift in Sources */ = {isa = PBXBuildFile; fileRef = FEFE742E29CE3A0A00D900CD /* Family+CoreDataClass.swift */; };
		FEFE743329CE3A0A00D900CD /* Family+CoreDataProperties.swift in Sources */ = {isa = PBXBuildFile; fileRef = FEFE742F29CE3A0A00D900CD /* Family+CoreDataProperties.swift */; };
		FEFE743429CE3A0A00D900CD /* Person+CoreDataClass.swift in Sources */ = {isa = PBXBuildFile; fileRef = FEFE743029CE3A0A00D900CD /* Person+CoreDataClass.swift */; };
		FEFE743529CE3A0A00D900CD /* Person+CoreDataProperties.swift in Sources */ = {isa = PBXBuildFile; fileRef = FEFE743129CE3A0A00D900CD /* Person+CoreDataProperties.swift */; };
		FEFE743929CE3CBE00D900CD /* Extension.swift in Sources */ = {isa = PBXBuildFile; fileRef = FEFE743829CE3CBE00D900CD /* Extension.swift */; };
/* End PBXBuildFile section */

/* Begin PBXFileReference section */
		FEFE740829CE2BAC00D900CD /* CRUD.app */ = {isa = PBXFileReference; explicitFileType = wrapper.application; includeInIndex = 0; path = CRUD.app; sourceTree = BUILT_PRODUCTS_DIR; };
		FEFE740B29CE2BAC00D900CD /* AppDelegate.swift */ = {isa = PBXFileReference; lastKnownFileType = sourcecode.swift; path = AppDelegate.swift; sourceTree = "<group>"; };
		FEFE740D29CE2BAC00D900CD /* SceneDelegate.swift */ = {isa = PBXFileReference; lastKnownFileType = sourcecode.swift; path = SceneDelegate.swift; sourceTree = "<group>"; };
		FEFE740F29CE2BAC00D900CD /* ViewController.swift */ = {isa = PBXFileReference; lastKnownFileType = sourcecode.swift; path = ViewController.swift; sourceTree = "<group>"; };
		FEFE741229CE2BAC00D900CD /* Base */ = {isa = PBXFileReference; lastKnownFileType = file.storyboard; name = Base; path = Base.lproj/Main.storyboard; sourceTree = "<group>"; };
		FEFE741529CE2BAC00D900CD /* CRUD.xcdatamodel */ = {isa = PBXFileReference; lastKnownFileType = wrapper.xcdatamodel; path = CRUD.xcdatamodel; sourceTree = "<group>"; };
		FEFE741729CE2BAF00D900CD /* Assets.xcassets */ = {isa = PBXFileReference; lastKnownFileType = folder.assetcatalog; path = Assets.xcassets; sourceTree = "<group>"; };
		FEFE741A29CE2BAF00D900CD /* Base */ = {isa = PBXFileReference; lastKnownFileType = file.storyboard; name = Base; path = Base.lproj/LaunchScreen.storyboard; sourceTree = "<group>"; };
		FEFE741C29CE2BAF00D900CD /* Info.plist */ = {isa = PBXFileReference; lastKnownFileType = text.plist.xml; path = Info.plist; sourceTree = "<group>"; };
		FEFE742329CE2BDD00D900CD /* tblCell.swift */ = {isa = PBXFileReference; lastKnownFileType = sourcecode.swift; path = tblCell.swift; sourceTree = "<group>"; };
		FEFE742E29CE3A0A00D900CD /* Family+CoreDataClass.swift */ = {isa = PBXFileReference; lastKnownFileType = sourcecode.swift; path = "Family+CoreDataClass.swift"; sourceTree = "<group>"; };
		FEFE742F29CE3A0A00D900CD /* Family+CoreDataProperties.swift */ = {isa = PBXFileReference; lastKnownFileType = sourcecode.swift; path = "Family+CoreDataProperties.swift"; sourceTree = "<group>"; };
		FEFE743029CE3A0A00D900CD /* Person+CoreDataClass.swift */ = {isa = PBXFileReference; lastKnownFileType = sourcecode.swift; path = "Person+CoreDataClass.swift"; sourceTree = "<group>"; };
		FEFE743129CE3A0A00D900CD /* Person+CoreDataProperties.swift */ = {isa = PBXFileReference; lastKnownFileType = sourcecode.swift; path = "Person+CoreDataProperties.swift"; sourceTree = "<group>"; };
		FEFE743829CE3CBE00D900CD /* Extension.swift */ = {isa = PBXFileReference; lastKnownFileType = sourcecode.swift; path = Extension.swift; sourceTree = "<group>"; };
/* End PBXFileReference section */

/* Begin PBXFrameworksBuildPhase section */
		FEFE740529CE2BAC00D900CD /* Frameworks */ = {
			isa = PBXFrameworksBuildPhase;
			buildActionMask = 2147483647;
			files = (
			);
			runOnlyForDeploymentPostprocessing = 0;
		};
/* End PBXFrameworksBuildPhase section */

/* Begin PBXGroup section */
		FEFE73FF29CE2BAB00D900CD = {
			isa = PBXGroup;
			children = (
				FEFE740A29CE2BAC00D900CD /* CRUD */,
				FEFE740929CE2BAC00D900CD /* Products */,
			);
			sourceTree = "<group>";
		};
		FEFE740929CE2BAC00D900CD /* Products */ = {
			isa = PBXGroup;
			children = (
				FEFE740829CE2BAC00D900CD /* CRUD.app */,
			);
			name = Products;
			sourceTree = "<group>";
		};
		FEFE740A29CE2BAC00D900CD /* CRUD */ = {
			isa = PBXGroup;
			children = (
				FEFE740B29CE2BAC00D900CD /* AppDelegate.swift */,
				FEFE740D29CE2BAC00D900CD /* SceneDelegate.swift */,
				FEFE743729CE3C6900D900CD /* ViewModel */,
				FEFE743629CE3C5200D900CD /* View */,
				FEFE742529CE2C7F00D900CD /* Model */,
				FEFE742229CE2BC200D900CD /* tblCell */,
				FEFE741129CE2BAC00D900CD /* Main.storyboard */,
				FEFE741729CE2BAF00D900CD /* Assets.xcassets */,
				FEFE741929CE2BAF00D900CD /* LaunchScreen.storyboard */,
				FEFE741C29CE2BAF00D900CD /* Info.plist */,
				FEFE741429CE2BAC00D900CD /* CRUD.xcdatamodeld */,
			);
			path = CRUD;
			sourceTree = "<group>";
		};
		FEFE742229CE2BC200D900CD /* tblCell */ = {
			isa = PBXGroup;
			children = (
				FEFE742329CE2BDD00D900CD /* tblCell.swift */,
			);
			path = tblCell;
			sourceTree = "<group>";
		};
		FEFE742529CE2C7F00D900CD /* Model */ = {
			isa = PBXGroup;
			children = (
				FEFE742E29CE3A0A00D900CD /* Family+CoreDataClass.swift */,
				FEFE742F29CE3A0A00D900CD /* Family+CoreDataProperties.swift */,
				FEFE743029CE3A0A00D900CD /* Person+CoreDataClass.swift */,
				FEFE743129CE3A0A00D900CD /* Person+CoreDataProperties.swift */,
			);
			path = Model;
			sourceTree = "<group>";
		};
		FEFE743629CE3C5200D900CD /* View */ = {
			isa = PBXGroup;
			children = (
				FEFE740F29CE2BAC00D900CD /* ViewController.swift */,
			);
			path = View;
			sourceTree = "<group>";
		};
		FEFE743729CE3C6900D900CD /* ViewModel */ = {
			isa = PBXGroup;
			children = (
				FEFE743829CE3CBE00D900CD /* Extension.swift */,
			);
			path = ViewModel;
			sourceTree = "<group>";
		};
/* End PBXGroup section */

/* Begin PBXNativeTarget section */
		FEFE740729CE2BAC00D900CD /* CRUD */ = {
			isa = PBXNativeTarget;
			buildConfigurationList = FEFE741F29CE2BAF00D900CD /* Build configuration list for PBXNativeTarget "CRUD" */;
			buildPhases = (
				FEFE740429CE2BAC00D900CD /* Sources */,
				FEFE740529CE2BAC00D900CD /* Frameworks */,
				FEFE740629CE2BAC00D900CD /* Resources */,
			);
			buildRules = (
			);
			dependencies = (
			);
			name = CRUD;
			productName = CRUD;
			productReference = FEFE740829CE2BAC00D900CD /* CRUD.app */;
			productType = "com.apple.product-type.application";
		};
/* End PBXNativeTarget section */

/* Begin PBXProject section */
		FEFE740029CE2BAB00D900CD /* Project object */ = {
			isa = PBXProject;
			attributes = {
				BuildIndependentTargetsInParallel = 1;
				LastSwiftUpdateCheck = 1420;
				LastUpgradeCheck = 1420;
				TargetAttributes = {
					FEFE740729CE2BAC00D900CD = {
						CreatedOnToolsVersion = 14.2;
					};
				};
			};
			buildConfigurationList = FEFE740329CE2BAB00D900CD /* Build configuration list for PBXProject "CRUD" */;
			compatibilityVersion = "Xcode 14.0";
			developmentRegion = en;
			hasScannedForEncodings = 0;
			knownRegions = (
				en,
				Base,
			);
			mainGroup = FEFE73FF29CE2BAB00D900CD;
			productRefGroup = FEFE740929CE2BAC00D900CD /* Products */;
			projectDirPath = "";
			projectRoot = "";
			targets = (
				FEFE740729CE2BAC00D900CD /* CRUD */,
			);
		};
/* End PBXProject section */

/* Begin PBXResourcesBuildPhase section */
		FEFE740629CE2BAC00D900CD /* Resources */ = {
			isa = PBXResourcesBuildPhase;
			buildActionMask = 2147483647;
			files = (
				FEFE741B29CE2BAF00D900CD /* LaunchScreen.storyboard in Resources */,
				FEFE741829CE2BAF00D900CD /* Assets.xcassets in Resources */,
				FEFE741329CE2BAC00D900CD /* Main.storyboard in Resources */,
			);
			runOnlyForDeploymentPostprocessing = 0;
		};
/* End PBXResourcesBuildPhase section */

/* Begin PBXSourcesBuildPhase section */
		FEFE740429CE2BAC00D900CD /* Sources */ = {
			isa = PBXSourcesBuildPhase;
			buildActionMask = 2147483647;
			files = (
				FEFE743429CE3A0A00D900CD /* Person+CoreDataClass.swift in Sources */,
				FEFE742429CE2BDD00D900CD /* tblCell.swift in Sources */,
				FEFE743529CE3A0A00D900CD /* Person+CoreDataProperties.swift in Sources */,
				FEFE743329CE3A0A00D900CD /* Family+CoreDataProperties.swift in Sources */,
				FEFE743229CE3A0A00D900CD /* Family+CoreDataClass.swift in Sources */,
				FEFE743929CE3CBE00D900CD /* Extension.swift in Sources */,
				FEFE741029CE2BAC00D900CD /* ViewController.swift in Sources */,
				FEFE740C29CE2BAC00D900CD /* AppDelegate.swift in Sources */,
				FEFE740E29CE2BAC00D900CD /* SceneDelegate.swift in Sources */,
				FEFE741629CE2BAC00D900CD /* CRUD.xcdatamodeld in Sources */,
			);
			runOnlyForDeploymentPostprocessing = 0;
		};
/* End PBXSourcesBuildPhase section */

/* Begin PBXVariantGroup section */
		FEFE741129CE2BAC00D900CD /* Main.storyboard */ = {
			isa = PBXVariantGroup;
			children = (
				FEFE741229CE2BAC00D900CD /* Base */,
			);
			name = Main.storyboard;
			sourceTree = "<group>";
		};
		FEFE741929CE2BAF00D900CD /* LaunchScreen.storyboard */ = {
			isa = PBXVariantGroup;
			children = (
				FEFE741A29CE2BAF00D900CD /* Base */,
			);
			name = LaunchScreen.storyboard;
			sourceTree = "<group>";
		};
/* End PBXVariantGroup section */

/* Begin XCBuildConfiguration section */
		FEFE741D29CE2BAF00D900CD /* Debug */ = {
			isa = XCBuildConfiguration;
			buildSettings = {
				ALWAYS_SEARCH_USER_PATHS = NO;
				CLANG_ANALYZER_NONNULL = YES;
				CLANG_ANALYZER_NUMBER_OBJECT_CONVERSION = YES_AGGRESSIVE;
				CLANG_CXX_LANGUAGE_STANDARD = "gnu++20";
				CLANG_ENABLE_MODULES = YES;
				CLANG_ENABLE_OBJC_ARC = YES;
				CLANG_ENABLE_OBJC_WEAK = YES;
				CLANG_WARN_BLOCK_CAPTURE_AUTORELEASING = YES;
				CLANG_WARN_BOOL_CONVERSION = YES;
				CLANG_WARN_COMMA = YES;
				CLANG_WARN_CONSTANT_CONVERSION = YES;
				CLANG_WARN_DEPRECATED_OBJC_IMPLEMENTATIONS = YES;
				CLANG_WARN_DIRECT_OBJC_ISA_USAGE = YES_ERROR;
				CLANG_WARN_DOCUMENTATION_COMMENTS = YES;
				CLANG_WARN_EMPTY_BODY = YES;
				CLANG_WARN_ENUM_CONVERSION = YES;
				CLANG_WARN_INFINITE_RECURSION = YES;
				CLANG_WARN_INT_CONVERSION = YES;
				CLANG_WARN_NON_LITERAL_NULL_CONVERSION = YES;
				CLANG_WARN_OBJC_IMPLICIT_RETAIN_SELF = YES;
				CLANG_WARN_OBJC_LITERAL_CONVERSION = YES;
				CLANG_WARN_OBJC_ROOT_CLASS = YES_ERROR;
				CLANG_WARN_QUOTED_INCLUDE_IN_FRAMEWORK_HEADER = YES;
				CLANG_WARN_RANGE_LOOP_ANALYSIS = YES;
				CLANG_WARN_STRICT_PROTOTYPES = YES;
				CLANG_WARN_SUSPICIOUS_MOVE = YES;
				CLANG_WARN_UNGUARDED_AVAILABILITY = YES_AGGRESSIVE;
				CLANG_WARN_UNREACHABLE_CODE = YES;
				CLANG_WARN__DUPLICATE_METHOD_MATCH = YES;
				COPY_PHASE_STRIP = NO;
				DEBUG_INFORMATION_FORMAT = dwarf;
				ENABLE_STRICT_OBJC_MSGSEND = YES;
				ENABLE_TESTABILITY = YES;
				GCC_C_LANGUAGE_STANDARD = gnu11;
				GCC_DYNAMIC_NO_PIC = NO;
				GCC_NO_COMMON_BLOCKS = YES;
				GCC_OPTIMIZATION_LEVEL = 0;
				GCC_PREPROCESSOR_DEFINITIONS = (
					"DEBUG=1",
					"$(inherited)",
				);
				GCC_WARN_64_TO_32_BIT_CONVERSION = YES;
				GCC_WARN_ABOUT_RETURN_TYPE = YES_ERROR;
				GCC_WARN_UNDECLARED_SELECTOR = YES;
				GCC_WARN_UNINITIALIZED_AUTOS = YES_AGGRESSIVE;
				GCC_WARN_UNUSED_FUNCTION = YES;
				GCC_WARN_UNUSED_VARIABLE = YES;
				IPHONEOS_DEPLOYMENT_TARGET = 16.2;
				MTL_ENABLE_DEBUG_INFO = INCLUDE_SOURCE;
				MTL_FAST_MATH = YES;
				ONLY_ACTIVE_ARCH = YES;
				SDKROOT = iphoneos;
				SWIFT_ACTIVE_COMPILATION_CONDITIONS = DEBUG;
				SWIFT_OPTIMIZATION_LEVEL = "-Onone";
			};
			name = Debug;
		};
		FEFE741E29CE2BAF00D900CD /* Release */ = {
			isa = XCBuildConfiguration;
			buildSettings = {
				ALWAYS_SEARCH_USER_PATHS = NO;
				CLANG_ANALYZER_NONNULL = YES;
				CLANG_ANALYZER_NUMBER_OBJECT_CONVERSION = YES_AGGRESSIVE;
				CLANG_CXX_LANGUAGE_STANDARD = "gnu++20";
				CLANG_ENABLE_MODULES = YES;
				CLANG_ENABLE_OBJC_ARC = YES;
				CLANG_ENABLE_OBJC_WEAK = YES;
				CLANG_WARN_BLOCK_CAPTURE_AUTORELEASING = YES;
				CLANG_WARN_BOOL_CONVERSION = YES;
				CLANG_WARN_COMMA = YES;
				CLANG_WARN_CONSTANT_CONVERSION = YES;
				CLANG_WARN_DEPRECATED_OBJC_IMPLEMENTATIONS = YES;
				CLANG_WARN_DIRECT_OBJC_ISA_USAGE = YES_ERROR;
				CLANG_WARN_DOCUMENTATION_COMMENTS = YES;
				CLANG_WARN_EMPTY_BODY = YES;
				CLANG_WARN_ENUM_CONVERSION = YES;
				CLANG_WARN_INFINITE_RECURSION = YES;
				CLANG_WARN_INT_CONVERSION = YES;
				CLANG_WARN_NON_LITERAL_NULL_CONVERSION = YES;
				CLANG_WARN_OBJC_IMPLICIT_RETAIN_SELF = YES;
				CLANG_WARN_OBJC_LITERAL_CONVERSION = YES;
				CLANG_WARN_OBJC_ROOT_CLASS = YES_ERROR;
				CLANG_WARN_QUOTED_INCLUDE_IN_FRAMEWORK_HEADER = YES;
				CLANG_WARN_RANGE_LOOP_ANALYSIS = YES;
				CLANG_WARN_STRICT_PROTOTYPES = YES;
				CLANG_WARN_SUSPICIOUS_MOVE = YES;
				CLANG_WARN_UNGUARDED_AVAILABILITY = YES_AGGRESSIVE;
				CLANG_WARN_UNREACHABLE_CODE = YES;
				CLANG_WARN__DUPLICATE_METHOD_MATCH = YES;
				COPY_PHASE_STRIP = NO;
				DEBUG_INFORMATION_FORMAT = "dwarf-with-dsym";
				ENABLE_NS_ASSERTIONS = NO;
				ENABLE_STRICT_OBJC_MSGSEND = YES;
				GCC_C_LANGUAGE_STANDARD = gnu11;
				GCC_NO_COMMON_BLOCKS = YES;
				GCC_WARN_64_TO_32_BIT_CONVERSION = YES;
				GCC_WARN_ABOUT_RETURN_TYPE = YES_ERROR;
				GCC_WARN_UNDECLARED_SELECTOR = YES;
				GCC_WARN_UNINITIALIZED_AUTOS = YES_AGGRESSIVE;
				GCC_WARN_UNUSED_FUNCTION = YES;
				GCC_WARN_UNUSED_VARIABLE = YES;
				IPHONEOS_DEPLOYMENT_TARGET = 16.2;
				MTL_ENABLE_DEBUG_INFO = NO;
				MTL_FAST_MATH = YES;
				SDKROOT = iphoneos;
				SWIFT_COMPILATION_MODE = wholemodule;
				SWIFT_OPTIMIZATION_LEVEL = "-O";
				VALIDATE_PRODUCT = YES;
			};
			name = Release;
		};
		FEFE742029CE2BAF00D900CD /* Debug */ = {
			isa = XCBuildConfiguration;
			buildSettings = {
				ASSETCATALOG_COMPILER_APPICON_NAME = AppIcon;
				ASSETCATALOG_COMPILER_GLOBAL_ACCENT_COLOR_NAME = AccentColor;
				CODE_SIGN_STYLE = Automatic;
				CURRENT_PROJECT_VERSION = 1;
				DEVELOPMENT_TEAM = 24JAY663M3;
				GENERATE_INFOPLIST_FILE = YES;
				INFOPLIST_FILE = CRUD/Info.plist;
				INFOPLIST_KEY_UIApplicationSupportsIndirectInputEvents = YES;
				INFOPLIST_KEY_UILaunchStoryboardName = LaunchScreen;
				INFOPLIST_KEY_UIMainStoryboardFile = Main;
				INFOPLIST_KEY_UISupportedInterfaceOrientations_iPad = "UIInterfaceOrientationPortrait UIInterfaceOrientationPortraitUpsideDown UIInterfaceOrientationLandscapeLeft UIInterfaceOrientationLandscapeRight";
				INFOPLIST_KEY_UISupportedInterfaceOrientations_iPhone = "UIInterfaceOrientationPortrait UIInterfaceOrientationLandscapeLeft UIInterfaceOrientationLandscapeRight";
				LD_RUNPATH_SEARCH_PATHS = (
					"$(inherited)",
					"@executable_path/Frameworks",
				);
				MARKETING_VERSION = 1.0;
				PRODUCT_BUNDLE_IDENTIFIER = com..CRUD;
				PRODUCT_NAME = "$(TARGET_NAME)";
				SUPPORTED_PLATFORMS = "iphoneos iphonesimulator";
				SUPPORTS_MACCATALYST = NO;
				SUPPORTS_MAC_DESIGNED_FOR_IPHONE_IPAD = NO;
				SWIFT_EMIT_LOC_STRINGS = YES;
				SWIFT_VERSION = 5.0;
				TARGETED_DEVICE_FAMILY = 1;
			};
			name = Debug;
		};
		FEFE742129CE2BAF00D900CD /* Release */ = {
			isa = XCBuildConfiguration;
			buildSettings = {
				ASSETCATALOG_COMPILER_APPICON_NAME = AppIcon;
				ASSETCATALOG_COMPILER_GLOBAL_ACCENT_COLOR_NAME = AccentColor;
				CODE_SIGN_STYLE = Automatic;
				CURRENT_PROJECT_VERSION = 1;
				DEVELOPMENT_TEAM = 24JAY663M3;
				GENERATE_INFOPLIST_FILE = YES;
				INFOPLIST_FILE = CRUD/Info.plist;
				INFOPLIST_KEY_UIApplicationSupportsIndirectInputEvents = YES;
				INFOPLIST_KEY_UILaunchStoryboardName = LaunchScreen;
				INFOPLIST_KEY_UIMainStoryboardFile = Main;
				INFOPLIST_KEY_UISupportedInterfaceOrientations_iPad = "UIInterfaceOrientationPortrait UIInterfaceOrientationPortraitUpsideDown UIInterfaceOrientationLandscapeLeft UIInterfaceOrientationLandscapeRight";
				INFOPLIST_KEY_UISupportedInterfaceOrientations_iPhone = "UIInterfaceOrientationPortrait UIInterfaceOrientationLandscapeLeft UIInterfaceOrientationLandscapeRight";
				LD_RUNPATH_SEARCH_PATHS = (
					"$(inherited)",
					"@executable_path/Frameworks",
				);
				MARKETING_VERSION = 1.0;
				PRODUCT_BUNDLE_IDENTIFIER = com..CRUD;
				PRODUCT_NAME = "$(TARGET_NAME)";
				SUPPORTED_PLATFORMS = "iphoneos iphonesimulator";
				SUPPORTS_MACCATALYST = NO;
				SUPPORTS_MAC_DESIGNED_FOR_IPHONE_IPAD = NO;
				SWIFT_EMIT_LOC_STRINGS = YES;
				SWIFT_VERSION = 5.0;
				TARGETED_DEVICE_FAMILY = 1;
			};
			name = Release;
		};
/* End XCBuildConfiguration section */

/* Begin XCConfigurationList section */
		FEFE740329CE2BAB00D900CD /* Build configuration list for PBXProject "CRUD" */ = {
			isa = XCConfigurationList;
			buildConfigurations = (
				FEFE741D29CE2BAF00D900CD /* Debug */,
				FEFE741E29CE2BAF00D900CD /* Release */,
			);
			defaultConfigurationIsVisible = 0;
			defaultConfigurationName = Release;
		};
		FEFE741F29CE2BAF00D900CD /* Build configuration list for PBXNativeTarget "CRUD" */ = {
			isa = XCConfigurationList;
			buildConfigurations = (
				FEFE742029CE2BAF00D900CD /* Debug */,
				FEFE742129CE2BAF00D900CD /* Release */,
			);
			defaultConfigurationIsVisible = 0;
			defaultConfigurationName = Release;
		};
/* End XCConfigurationList section */

/* Begin XCVersionGroup section */
		FEFE741429CE2BAC00D900CD /* CRUD.xcdatamodeld */ = {
			isa = XCVersionGroup;
			children = (
				FEFE741529CE2BAC00D900CD /* CRUD.xcdatamodel */,
			);
			currentVersion = FEFE741529CE2BAC00D900CD /* CRUD.xcdatamodel */;
			path = CRUD.xcdatamodeld;
			sourceTree = "<group>";
			versionGroupType = wrapper.xcdatamodel;
		};
/* End XCVersionGroup section */
	};
	rootObject = FEFE740029CE2BAB00D900CD /* Project object */;
}
